
Microsoft Visual Studio Solution File, Format Version 12.00
# Visual Studio Version 16
VisualStudioVersion = 16.0.29613.14
MinimumVisualStudioVersion = 10.0.40219.1
Project("{9A19103F-16F7-4668-BE54-9A1E7A4F7556}") = "Loremaker", "Loremaker\Loremaker.csproj", "{AFB9D560-EC46-448B-9D84-25ED011F648D}"
EndProject
Project("{9A19103F-16F7-4668-BE54-9A1E7A4F7556}") = "Loremaker.Example", "Loremaker.Example\Loremaker.Example.csproj", "{7503F3C2-FBCB-4B45-814D-6E20C60B8C37}"
EndProject
Project("{9A19103F-16F7-4668-BE54-9A1E7A4F7556}") = "Loremaker.Example.MapRenderer", "Loremaker.Example.MapRenderer\Loremaker.Example.MapRenderer.csproj", "{0CBEF4E9-0F8E-4383-B70A-5602A28B56AD}"
EndProject
Project("{9A19103F-16F7-4668-BE54-9A1E7A4F7556}") = "Loremaker.Experiments.Maps", "Loremaker.Experiments.Maps\Loremaker.Experiments.Maps.csproj", "{F031055C-8A39-45DD-8F7E-8152040ECBEB}"
EndProject
Project("{9A19103F-16F7-4668-BE54-9A1E7A4F7556}") = "Loremaker.Tests", "Loremaker.Tests\Loremaker.Tests.csproj", "{509CC921-BFE4-410B-BE86-2A93D611570F}"
EndProject
Project("{FAE04EC0-301F-11D3-BF4B-00C04F79EFBC}") = "Loremaker.Experiments.Heightmaps", "Loremaker.Experiments.Heightmaps\Loremaker.Experiments.Heightmaps.csproj", "{DC75E399-D817-4EC1-90B7-706927218277}"
EndProject
Global
	GlobalSection(SolutionConfigurationPlatforms) = preSolution
		Debug|Any CPU = Debug|Any CPU
		Release|Any CPU = Release|Any CPU
	EndGlobalSection
	GlobalSection(ProjectConfigurationPlatforms) = postSolution
		{AFB9D560-EC46-448B-9D84-25ED011F648D}.Debug|Any CPU.ActiveCfg = Debug|Any CPU
		{AFB9D560-EC46-448B-9D84-25ED011F648D}.Debug|Any CPU.Build.0 = Debug|Any CPU
		{AFB9D560-EC46-448B-9D84-25ED011F648D}.Release|Any CPU.ActiveCfg = Release|Any CPU
		{AFB9D560-EC46-448B-9D84-25ED011F648D}.Release|Any CPU.Build.0 = Release|Any CPU
		{7503F3C2-FBCB-4B45-814D-6E20C60B8C37}.Debug|Any CPU.ActiveCfg = Debug|Any CPU
		{7503F3C2-FBCB-4B45-814D-6E20C60B8C37}.Debug|Any CPU.Build.0 = Debug|Any CPU
		{7503F3C2-FBCB-4B45-814D-6E20C60B8C37}.Release|Any CPU.ActiveCfg = Release|Any CPU
		{7503F3C2-FBCB-4B45-814D-6E20C60B8C37}.Release|Any CPU.Build.0 = Release|Any CPU
		{0CBEF4E9-0F8E-4383-B70A-5602A28B56AD}.Debug|Any CPU.ActiveCfg = Debug|Any CPU
		{0CBEF4E9-0F8E-4383-B70A-5602A28B56AD}.Debug|Any CPU.Build.0 = Debug|Any CPU
		{0CBEF4E9-0F8E-4383-B70A-5602A28B56AD}.Release|Any CPU.ActiveCfg = Release|Any CPU
		{0CBEF4E9-0F8E-4383-B70A-5602A28B56AD}.Release|Any CPU.Build.0 = Release|Any CPU
		{F031055C-8A39-45DD-8F7E-8152040ECBEB}.Debug|Any CPU.ActiveCfg = Debug|Any CPU
		{F031055C-8A39-45DD-8F7E-8152040ECBEB}.Debug|Any CPU.Build.0 = Debug|Any CPU
		{F031055C-8A39-45DD-8F7E-8152040ECBEB}.Release|Any CPU.ActiveCfg = Release|Any CPU
		{F031055C-8A39-45DD-8F7E-8152040ECBEB}.Release|Any CPU.Build.0 = Release|Any CPU
		{509CC921-BFE4-410B-BE86-2A93D611570F}.Debug|Any CPU.ActiveCfg = Debug|Any CPU
		{509CC921-BFE4-410B-BE86-2A93D611570F}.Debug|Any CPU.Build.0 = Debug|Any CPU
		{509CC921-BFE4-410B-BE86-2A93D611570F}.Release|Any CPU.ActiveCfg = Release|Any CPU
		{509CC921-BFE4-410B-BE86-2A93D611570F}.Release|Any CPU.Build.0 = Release|Any CPU
		{DC75E399-D817-4EC1-90B7-706927218277}.Debug|Any CPU.ActiveCfg = Debug|Any CPU
		{DC75E399-D817-4EC1-90B7-706927218277}.Debug|Any CPU.Build.0 = Debug|Any CPU
		{DC75E399-D817-4EC1-90B7-706927218277}.Release|Any CPU.ActiveCfg = Release|Any CPU
		{DC75E399-D817-4EC1-90B7-706927218277}.Release|Any CPU.Build.0 = Release|Any CPU
	EndGlobalSection
	GlobalSection(SolutionProperties) = preSolution
		HideSolutionNode = FALSE
	EndGlobalSection
	GlobalSection(ExtensibilityGlobals) = postSolution
		SolutionGuid = {4C6DA274-CCAC-4C90-BF9F-E788D967A853}
	EndGlobalSection
EndGlobal
